{
  "name": "shapeup-sdlc",
  "version": "1.7.0",
  "lockfileVersion": 3,
  "requires": true,
  "packages": {
    "": {
      "name": "shapeup-sdlc",
      "version": "1.7.0",
      "license": "MIT",
      "bin": {
        "shapeup-sdlc": "bin/init.mjs"
      },
      "engines": {
        "node": ">=18"
      }
    }
  }
}
